
Microsoft Visual Studio Solution File, Format Version 12.00
# Visual Studio Version 16
VisualStudioVersion = 16.0.29215.179
MinimumVisualStudioVersion = 10.0.40219.1
Project("{9A19103F-16F7-4668-BE54-9A1E7A4F7556}") = "WebAPPP", "WebAPPP\WebAPPP.csproj", "{DB538BC2-C826-4658-865D-C61D2DD4CE4F}"
EndProject
Project("{9A19103F-16F7-4668-BE54-9A1E7A4F7556}") = "Persistencia", "Persistencia\Persistencia.csproj", "{0B5CF22B-208C-4A12-A60D-DFB9BF228C36}"
EndProject
Project("{9A19103F-16F7-4668-BE54-9A1E7A4F7556}") = "ITextSharp", "ITextSharpWrapper\ITextSharp.csproj", "{14C24FB6-B8F8-4C97-AB0C-2217A914047F}"
EndProject
Project("{9A19103F-16F7-4668-BE54-9A1E7A4F7556}") = "TicketGenerator", "TicketGenerator\TicketGenerator.csproj", "{BDAD6557-21D2-469C-96AA-54C0904525B0}"
EndProject
Project("{9A19103F-16F7-4668-BE54-9A1E7A4F7556}") = "MainTester", "MainTester\MainTester.csproj", "{48E5BB7A-4DB4-4C3C-9DBC-5D4B7CF1477A}"
EndProject
Global
	GlobalSection(SolutionConfigurationPlatforms) = preSolution
		Debug|Any CPU = Debug|Any CPU
		Release|Any CPU = Release|Any CPU
	EndGlobalSection
	GlobalSection(ProjectConfigurationPlatforms) = postSolution
		{DB538BC2-C826-4658-865D-C61D2DD4CE4F}.Debug|Any CPU.ActiveCfg = Debug|Any CPU
		{DB538BC2-C826-4658-865D-C61D2DD4CE4F}.Debug|Any CPU.Build.0 = Debug|Any CPU
		{DB538BC2-C826-4658-865D-C61D2DD4CE4F}.Release|Any CPU.ActiveCfg = Release|Any CPU
		{DB538BC2-C826-4658-865D-C61D2DD4CE4F}.Release|Any CPU.Build.0 = Release|Any CPU
		{0B5CF22B-208C-4A12-A60D-DFB9BF228C36}.Debug|Any CPU.ActiveCfg = Debug|Any CPU
		{0B5CF22B-208C-4A12-A60D-DFB9BF228C36}.Debug|Any CPU.Build.0 = Debug|Any CPU
		{0B5CF22B-208C-4A12-A60D-DFB9BF228C36}.Release|Any CPU.ActiveCfg = Release|Any CPU
		{0B5CF22B-208C-4A12-A60D-DFB9BF228C36}.Release|Any CPU.Build.0 = Release|Any CPU
		{14C24FB6-B8F8-4C97-AB0C-2217A914047F}.Debug|Any CPU.ActiveCfg = Debug|Any CPU
		{14C24FB6-B8F8-4C97-AB0C-2217A914047F}.Debug|Any CPU.Build.0 = Debug|Any CPU
		{14C24FB6-B8F8-4C97-AB0C-2217A914047F}.Release|Any CPU.ActiveCfg = Release|Any CPU
		{14C24FB6-B8F8-4C97-AB0C-2217A914047F}.Release|Any CPU.Build.0 = Release|Any CPU
		{BDAD6557-21D2-469C-96AA-54C0904525B0}.Debug|Any CPU.ActiveCfg = Debug|Any CPU
		{BDAD6557-21D2-469C-96AA-54C0904525B0}.Debug|Any CPU.Build.0 = Debug|Any CPU
		{BDAD6557-21D2-469C-96AA-54C0904525B0}.Release|Any CPU.ActiveCfg = Release|Any CPU
		{BDAD6557-21D2-469C-96AA-54C0904525B0}.Release|Any CPU.Build.0 = Release|Any CPU
		{48E5BB7A-4DB4-4C3C-9DBC-5D4B7CF1477A}.Debug|Any CPU.ActiveCfg = Debug|Any CPU
		{48E5BB7A-4DB4-4C3C-9DBC-5D4B7CF1477A}.Debug|Any CPU.Build.0 = Debug|Any CPU
		{48E5BB7A-4DB4-4C3C-9DBC-5D4B7CF1477A}.Release|Any CPU.ActiveCfg = Release|Any CPU
		{48E5BB7A-4DB4-4C3C-9DBC-5D4B7CF1477A}.Release|Any CPU.Build.0 = Release|Any CPU
	EndGlobalSection
	GlobalSection(SolutionProperties) = preSolution
		HideSolutionNode = FALSE
	EndGlobalSection
	GlobalSection(ExtensibilityGlobals) = postSolution
		SolutionGuid = {87F9D949-1F45-4819-B318-AA666B92CC56}
	EndGlobalSection
EndGlobal
