
Microsoft Visual Studio Solution File, Format Version 12.00
# Visual Studio Version 16
VisualStudioVersion = 16.0.29215.179
MinimumVisualStudioVersion = 10.0.40219.1
Project("{9A19103F-16F7-4668-BE54-9A1E7A4F7556}") = "WebAPPP", "WebAPPP\WebAPPP.csproj", "{DB538BC2-C826-4658-865D-C61D2DD4CE4F}"
EndProject
Project("{9A19103F-16F7-4668-BE54-9A1E7A4F7556}") = "Persistencia", "Persistencia\Persistencia.csproj", "{0B5CF22B-208C-4A12-A60D-DFB9BF228C36}"
EndProject
Project("{FAE04EC0-301F-11D3-BF4B-00C04F79EFBC}") = "iTextSharp", "iTextSharp\iTextSharp.csproj", "{EB426C38-C88A-4C86-BB3F-89FD3EBE5ECC}"
EndProject
Project("{FAE04EC0-301F-11D3-BF4B-00C04F79EFBC}") = "TicketGenerator", "TicketGenerator\TicketGenerator.csproj", "{2DD4CD01-A703-46DD-B261-FFA44A4068CC}"
EndProject
Project("{FAE04EC0-301F-11D3-BF4B-00C04F79EFBC}") = "AccesoDatos", "AccesoDatos\AccesoDatos.csproj", "{0EED0537-2CB5-4879-801C-BFF629C58839}"
EndProject
Project("{FAE04EC0-301F-11D3-BF4B-00C04F79EFBC}") = "MainTester", "MainTester\MainTester.csproj", "{7ECC5B02-E66B-4549-A393-C0E576CB5988}"
EndProject
Project("{FAE04EC0-301F-11D3-BF4B-00C04F79EFBC}") = "CanalTransferenciaDigitales", "CanalTransferencia\CanalTransferenciaDigitales.csproj", "{78AB607D-5A06-479D-ACDD-5BAA1D15214B}"
EndProject
Global
	GlobalSection(SolutionConfigurationPlatforms) = preSolution
		Debug|Any CPU = Debug|Any CPU
		Release|Any CPU = Release|Any CPU
	EndGlobalSection
	GlobalSection(ProjectConfigurationPlatforms) = postSolution
		{DB538BC2-C826-4658-865D-C61D2DD4CE4F}.Debug|Any CPU.ActiveCfg = Debug|Any CPU
		{DB538BC2-C826-4658-865D-C61D2DD4CE4F}.Debug|Any CPU.Build.0 = Debug|Any CPU
		{DB538BC2-C826-4658-865D-C61D2DD4CE4F}.Release|Any CPU.ActiveCfg = Release|Any CPU
		{DB538BC2-C826-4658-865D-C61D2DD4CE4F}.Release|Any CPU.Build.0 = Release|Any CPU
		{0B5CF22B-208C-4A12-A60D-DFB9BF228C36}.Debug|Any CPU.ActiveCfg = Debug|Any CPU
		{0B5CF22B-208C-4A12-A60D-DFB9BF228C36}.Debug|Any CPU.Build.0 = Debug|Any CPU
		{0B5CF22B-208C-4A12-A60D-DFB9BF228C36}.Release|Any CPU.ActiveCfg = Release|Any CPU
		{0B5CF22B-208C-4A12-A60D-DFB9BF228C36}.Release|Any CPU.Build.0 = Release|Any CPU
		{EB426C38-C88A-4C86-BB3F-89FD3EBE5ECC}.Debug|Any CPU.ActiveCfg = Debug|Any CPU
		{EB426C38-C88A-4C86-BB3F-89FD3EBE5ECC}.Debug|Any CPU.Build.0 = Debug|Any CPU
		{EB426C38-C88A-4C86-BB3F-89FD3EBE5ECC}.Release|Any CPU.ActiveCfg = Release|Any CPU
		{EB426C38-C88A-4C86-BB3F-89FD3EBE5ECC}.Release|Any CPU.Build.0 = Release|Any CPU
		{2DD4CD01-A703-46DD-B261-FFA44A4068CC}.Debug|Any CPU.ActiveCfg = Debug|Any CPU
		{2DD4CD01-A703-46DD-B261-FFA44A4068CC}.Debug|Any CPU.Build.0 = Debug|Any CPU
		{2DD4CD01-A703-46DD-B261-FFA44A4068CC}.Release|Any CPU.ActiveCfg = Release|Any CPU
		{2DD4CD01-A703-46DD-B261-FFA44A4068CC}.Release|Any CPU.Build.0 = Release|Any CPU
		{0EED0537-2CB5-4879-801C-BFF629C58839}.Debug|Any CPU.ActiveCfg = Debug|Any CPU
		{0EED0537-2CB5-4879-801C-BFF629C58839}.Debug|Any CPU.Build.0 = Debug|Any CPU
		{0EED0537-2CB5-4879-801C-BFF629C58839}.Release|Any CPU.ActiveCfg = Release|Any CPU
		{0EED0537-2CB5-4879-801C-BFF629C58839}.Release|Any CPU.Build.0 = Release|Any CPU
		{7ECC5B02-E66B-4549-A393-C0E576CB5988}.Debug|Any CPU.ActiveCfg = Debug|Any CPU
		{7ECC5B02-E66B-4549-A393-C0E576CB5988}.Debug|Any CPU.Build.0 = Debug|Any CPU
		{7ECC5B02-E66B-4549-A393-C0E576CB5988}.Release|Any CPU.ActiveCfg = Release|Any CPU
		{7ECC5B02-E66B-4549-A393-C0E576CB5988}.Release|Any CPU.Build.0 = Release|Any CPU
		{78AB607D-5A06-479D-ACDD-5BAA1D15214B}.Debug|Any CPU.ActiveCfg = Debug|Any CPU
		{78AB607D-5A06-479D-ACDD-5BAA1D15214B}.Debug|Any CPU.Build.0 = Debug|Any CPU
		{78AB607D-5A06-479D-ACDD-5BAA1D15214B}.Release|Any CPU.ActiveCfg = Release|Any CPU
		{78AB607D-5A06-479D-ACDD-5BAA1D15214B}.Release|Any CPU.Build.0 = Release|Any CPU
	EndGlobalSection
	GlobalSection(SolutionProperties) = preSolution
		HideSolutionNode = FALSE
	EndGlobalSection
	GlobalSection(ExtensibilityGlobals) = postSolution
		SolutionGuid = {87F9D949-1F45-4819-B318-AA666B92CC56}
	EndGlobalSection
EndGlobal
